// !$*UTF8*$!
{
	archiveVersion = 1;
	classes = {
	};
	objectVersion = 50;
	objects = {

/* Begin PBXBuildFile section */
		D301F7F626064DDB0036DCCF /* AppDelegate.swift in Sources */ = {isa = PBXBuildFile; fileRef = D301F7F526064DDB0036DCCF /* AppDelegate.swift */; };
		D301F7F826064DDB0036DCCF /* SceneDelegate.swift in Sources */ = {isa = PBXBuildFile; fileRef = D301F7F726064DDB0036DCCF /* SceneDelegate.swift */; };
		D301F7FA26064DDB0036DCCF /* ViewController.swift in Sources */ = {isa = PBXBuildFile; fileRef = D301F7F926064DDB0036DCCF /* ViewController.swift */; };
		D301F7FD26064DDB0036DCCF /* Main.storyboard in Resources */ = {isa = PBXBuildFile; fileRef = D301F7FB26064DDB0036DCCF /* Main.storyboard */; };
		D301F7FF26064DDD0036DCCF /* Assets.xcassets in Resources */ = {isa = PBXBuildFile; fileRef = D301F7FE26064DDD0036DCCF /* Assets.xcassets */; };
		D301F80226064DDD0036DCCF /* LaunchScreen.storyboard in Resources */ = {isa = PBXBuildFile; fileRef = D301F80026064DDD0036DCCF /* LaunchScreen.storyboard */; };
/* End PBXBuildFile section */

/* Begin PBXFileReference section */
		D301F7F226064DDB0036DCCF /* LottieSamlple2.app */ = {isa = PBXFileReference; explicitFileType = wrapper.application; includeInIndex = 0; path = LottieSamlple2.app; sourceTree = BUILT_PRODUCTS_DIR; };
		D301F7F526064DDB0036DCCF /* AppDelegate.swift */ = {isa = PBXFileReference; lastKnownFileType = sourcecode.swift; path = AppDelegate.swift; sourceTree = "<group>"; };
		D301F7F726064DDB0036DCCF /* SceneDelegate.swift */ = {isa = PBXFileReference; lastKnownFileType = sourcecode.swift; path = SceneDelegate.swift; sourceTree = "<group>"; };
		D301F7F926064DDB0036DCCF /* ViewController.swift */ = {isa = PBXFileReference; lastKnownFileType = sourcecode.swift; path = ViewController.swift; sourceTree = "<group>"; };
		D301F7FC26064DDB0036DCCF /* Base */ = {isa = PBXFileReference; lastKnownFileType = file.storyboard; name = Base; path = Base.lproj/Main.storyboard; sourceTree = "<group>"; };
		D301F7FE26064DDD0036DCCF /* Assets.xcassets */ = {isa = PBXFileReference; lastKnownFileType = folder.assetcatalog; path = Assets.xcassets; sourceTree = "<group>"; };
		D301F80126064DDD0036DCCF /* Base */ = {isa = PBXFileReference; lastKnownFileType = file.storyboard; name = Base; path = Base.lproj/LaunchScreen.storyboard; sourceTree = "<group>"; };
		D301F80326064DDD0036DCCF /* Info.plist */ = {isa = PBXFileReference; lastKnownFileType = text.plist.xml; path = Info.plist; sourceTree = "<group>"; };
/* End PBXFileReference section */

/* Begin PBXFrameworksBuildPhase section */
		D301F7EF26064DDB0036DCCF /* Frameworks */ = {
			isa = PBXFrameworksBuildPhase;
			buildActionMask = 2147483647;
			files = (
			);
			runOnlyForDeploymentPostprocessing = 0;
		};
/* End PBXFrameworksBuildPhase section */

/* Begin PBXGroup section */
		D301F7E926064DDB0036DCCF = {
			isa = PBXGroup;
			children = (
				D301F7F426064DDB0036DCCF /* LottieSamlple2 */,
				D301F7F326064DDB0036DCCF /* Products */,
			);
			sourceTree = "<group>";
		};
		D301F7F326064DDB0036DCCF /* Products */ = {
			isa = PBXGroup;
			children = (
				D301F7F226064DDB0036DCCF /* LottieSamlple2.app */,
			);
			name = Products;
			sourceTree = "<group>";
		};
		D301F7F426064DDB0036DCCF /* LottieSamlple2 */ = {
			isa = PBXGroup;
			children = (
				D301F7F526064DDB0036DCCF /* AppDelegate.swift */,
				D301F7F726064DDB0036DCCF /* SceneDelegate.swift */,
				D301F7F926064DDB0036DCCF /* ViewController.swift */,
				D301F7FB26064DDB0036DCCF /* Main.storyboard */,
				D301F7FE26064DDD0036DCCF /* Assets.xcassets */,
				D301F80026064DDD0036DCCF /* LaunchScreen.storyboard */,
				D301F80326064DDD0036DCCF /* Info.plist */,
			);
			path = LottieSamlple2;
			sourceTree = "<group>";
		};
/* End PBXGroup section */

/* Begin PBXNativeTarget section */
		D301F7F126064DDB0036DCCF /* LottieSamlple2 */ = {
			isa = PBXNativeTarget;
			buildConfigurationList = D301F80626064DDD0036DCCF /* Build configuration list for PBXNativeTarget "LottieSamlple2" */;
			buildPhases = (
				D301F7EE26064DDB0036DCCF /* Sources */,
				D301F7EF26064DDB0036DCCF /* Frameworks */,
				D301F7F026064DDB0036DCCF /* Resources */,
			);
			buildRules = (
			);
			dependencies = (
			);
			name = LottieSamlple2;
			productName = LottieSamlple2;
			productReference = D301F7F226064DDB0036DCCF /* LottieSamlple2.app */;
			productType = "com.apple.product-type.application";
		};
/* End PBXNativeTarget section */

/* Begin PBXProject section */
		D301F7EA26064DDB0036DCCF /* Project object */ = {
			isa = PBXProject;
			attributes = {
				LastSwiftUpdateCheck = 1240;
				LastUpgradeCheck = 1240;
				TargetAttributes = {
					D301F7F126064DDB0036DCCF = {
						CreatedOnToolsVersion = 12.4;
					};
				};
			};
			buildConfigurationList = D301F7ED26064DDB0036DCCF /* Build configuration list for PBXProject "LottieSamlple2" */;
			compatibilityVersion = "Xcode 9.3";
			developmentRegion = en;
			hasScannedForEncodings = 0;
			knownRegions = (
				en,
				Base,
			);
			mainGroup = D301F7E926064DDB0036DCCF;
			productRefGroup = D301F7F326064DDB0036DCCF /* Products */;
			projectDirPath = "";
			projectRoot = "";
			targets = (
				D301F7F126064DDB0036DCCF /* LottieSamlple2 */,
			);
		};
/* End PBXProject section */

/* Begin PBXResourcesBuildPhase section */
		D301F7F026064DDB0036DCCF /* Resources */ = {
			isa = PBXResourcesBuildPhase;
			buildActionMask = 2147483647;
			files = (
				D301F80226064DDD0036DCCF /* LaunchScreen.storyboard in Resources */,
				D301F7FF26064DDD0036DCCF /* Assets.xcassets in Resources */,
				D301F7FD26064DDB0036DCCF /* Main.storyboard in Resources */,
			);
			runOnlyForDeploymentPostprocessing = 0;
		};
/* End PBXResourcesBuildPhase section */

/* Begin PBXSourcesBuildPhase section */
		D301F7EE26064DDB0036DCCF /* Sources */ = {
			isa = PBXSourcesBuildPhase;
			buildActionMask = 2147483647;
			files = (
				D301F7FA26064DDB0036DCCF /* ViewController.swift in Sources */,
				D301F7F626064DDB0036DCCF /* AppDelegate.swift in Sources */,
				D301F7F826064DDB0036DCCF /* SceneDelegate.swift in Sources */,
			);
			runOnlyForDeploymentPostprocessing = 0;
		};
/* End PBXSourcesBuildPhase section */

/* Begin PBXVariantGroup section */
		D301F7FB26064DDB0036DCCF /* Main.storyboard */ = {
			isa = PBXVariantGroup;
			children = (
				D301F7FC26064DDB0036DCCF /* Base */,
			);
			name = Main.storyboard;
			sourceTree = "<group>";
		};
		D301F80026064DDD0036DCCF /* LaunchScreen.storyboard */ = {
			isa = PBXVariantGroup;
			children = (
				D301F80126064DDD0036DCCF /* Base */,
			);
			name = LaunchScreen.storyboard;
			sourceTree = "<group>";
		};
/* End PBXVariantGroup section */

/* Begin XCBuildConfiguration section */
		D301F80426064DDD0036DCCF /* Debug */ = {
			isa = XCBuildConfiguration;
			buildSettings = {
				ALWAYS_SEARCH_USER_PATHS = NO;
				CLANG_ANALYZER_NONNULL = YES;
				CLANG_ANALYZER_NUMBER_OBJECT_CONVERSION = YES_AGGRESSIVE;
				CLANG_CXX_LANGUAGE_STANDARD = "gnu++14";
				CLANG_CXX_LIBRARY = "libc++";
				CLANG_ENABLE_MODULES = YES;
				CLANG_ENABLE_OBJC_ARC = YES;
				CLANG_ENABLE_OBJC_WEAK = YES;
				CLANG_WARN_BLOCK_CAPTURE_AUTORELEASING = YES;
				CLANG_WARN_BOOL_CONVERSION = YES;
				CLANG_WARN_COMMA = YES;
				CLANG_WARN_CONSTANT_CONVERSION = YES;
				CLANG_WARN_DEPRECATED_OBJC_IMPLEMENTATIONS = YES;
				CLANG_WARN_DIRECT_OBJC_ISA_USAGE = YES_ERROR;
				CLANG_WARN_DOCUMENTATION_COMMENTS = YES;
				CLANG_WARN_EMPTY_BODY = YES;
				CLANG_WARN_ENUM_CONVERSION = YES;
				CLANG_WARN_INFINITE_RECURSION = YES;
				CLANG_WARN_INT_CONVERSION = YES;
				CLANG_WARN_NON_LITERAL_NULL_CONVERSION = YES;
				CLANG_WARN_OBJC_IMPLICIT_RETAIN_SELF = YES;
				CLANG_WARN_OBJC_LITERAL_CONVERSION = YES;
				CLANG_WARN_OBJC_ROOT_CLASS = YES_ERROR;
				CLANG_WARN_QUOTED_INCLUDE_IN_FRAMEWORK_HEADER = YES;
				CLANG_WARN_RANGE_LOOP_ANALYSIS = YES;
				CLANG_WARN_STRICT_PROTOTYPES = YES;
				CLANG_WARN_SUSPICIOUS_MOVE = YES;
				CLANG_WARN_UNGUARDED_AVAILABILITY = YES_AGGRESSIVE;
				CLANG_WARN_UNREACHABLE_CODE = YES;
				CLANG_WARN__DUPLICATE_METHOD_MATCH = YES;
				COPY_PHASE_STRIP = NO;
				DEBUG_INFORMATION_FORMAT = dwarf;
				ENABLE_STRICT_OBJC_MSGSEND = YES;
				ENABLE_TESTABILITY = YES;
				GCC_C_LANGUAGE_STANDARD = gnu11;
				GCC_DYNAMIC_NO_PIC = NO;
				GCC_NO_COMMON_BLOCKS = YES;
				GCC_OPTIMIZATION_LEVEL = 0;
				GCC_PREPROCESSOR_DEFINITIONS = (
					"DEBUG=1",
					"$(inherited)",
				);
				GCC_WARN_64_TO_32_BIT_CONVERSION = YES;
				GCC_WARN_ABOUT_RETURN_TYPE = YES_ERROR;
				GCC_WARN_UNDECLARED_SELECTOR = YES;
				GCC_WARN_UNINITIALIZED_AUTOS = YES_AGGRESSIVE;
				GCC_WARN_UNUSED_FUNCTION = YES;
				GCC_WARN_UNUSED_VARIABLE = YES;
				IPHONEOS_DEPLOYMENT_TARGET = 14.4;
				MTL_ENABLE_DEBUG_INFO = INCLUDE_SOURCE;
				MTL_FAST_MATH = YES;
				ONLY_ACTIVE_ARCH = YES;
				SDKROOT = iphoneos;
				SWIFT_ACTIVE_COMPILATION_CONDITIONS = DEBUG;
				SWIFT_OPTIMIZATION_LEVEL = "-Onone";
			};
			name = Debug;
		};
		D301F80526064DDD0036DCCF /* Release */ = {
			isa = XCBuildConfiguration;
			buildSettings = {
				ALWAYS_SEARCH_USER_PATHS = NO;
				CLANG_ANALYZER_NONNULL = YES;
				CLANG_ANALYZER_NUMBER_OBJECT_CONVERSION = YES_AGGRESSIVE;
				CLANG_CXX_LANGUAGE_STANDARD = "gnu++14";
				CLANG_CXX_LIBRARY = "libc++";
				CLANG_ENABLE_MODULES = YES;
				CLANG_ENABLE_OBJC_ARC = YES;
				CLANG_ENABLE_OBJC_WEAK = YES;
				CLANG_WARN_BLOCK_CAPTURE_AUTORELEASING = YES;
				CLANG_WARN_BOOL_CONVERSION = YES;
				CLANG_WARN_COMMA = YES;
				CLANG_WARN_CONSTANT_CONVERSION = YES;
				CLANG_WARN_DEPRECATED_OBJC_IMPLEMENTATIONS = YES;
				CLANG_WARN_DIRECT_OBJC_ISA_USAGE = YES_ERROR;
				CLANG_WARN_DOCUMENTATION_COMMENTS = YES;
				CLANG_WARN_EMPTY_BODY = YES;
				CLANG_WARN_ENUM_CONVERSION = YES;
				CLANG_WARN_INFINITE_RECURSION = YES;
				CLANG_WARN_INT_CONVERSION = YES;
				CLANG_WARN_NON_LITERAL_NULL_CONVERSION = YES;
				CLANG_WARN_OBJC_IMPLICIT_RETAIN_SELF = YES;
				CLANG_WARN_OBJC_LITERAL_CONVERSION = YES;
				CLANG_WARN_OBJC_ROOT_CLASS = YES_ERROR;
				CLANG_WARN_QUOTED_INCLUDE_IN_FRAMEWORK_HEADER = YES;
				CLANG_WARN_RANGE_LOOP_ANALYSIS = YES;
				CLANG_WARN_STRICT_PROTOTYPES = YES;
				CLANG_WARN_SUSPICIOUS_MOVE = YES;
				CLANG_WARN_UNGUARDED_AVAILABILITY = YES_AGGRESSIVE;
				CLANG_WARN_UNREACHABLE_CODE = YES;
				CLANG_WARN__DUPLICATE_METHOD_MATCH = YES;
				COPY_PHASE_STRIP = NO;
				DEBUG_INFORMATION_FORMAT = "dwarf-with-dsym";
				ENABLE_NS_ASSERTIONS = NO;
				ENABLE_STRICT_OBJC_MSGSEND = YES;
				GCC_C_LANGUAGE_STANDARD = gnu11;
				GCC_NO_COMMON_BLOCKS = YES;
				GCC_WARN_64_TO_32_BIT_CONVERSION = YES;
				GCC_WARN_ABOUT_RETURN_TYPE = YES_ERROR;
				GCC_WARN_UNDECLARED_SELECTOR = YES;
				GCC_WARN_UNINITIALIZED_AUTOS = YES_AGGRESSIVE;
				GCC_WARN_UNUSED_FUNCTION = YES;
				GCC_WARN_UNUSED_VARIABLE = YES;
				IPHONEOS_DEPLOYMENT_TARGET = 14.4;
				MTL_ENABLE_DEBUG_INFO = NO;
				MTL_FAST_MATH = YES;
				SDKROOT = iphoneos;
				SWIFT_COMPILATION_MODE = wholemodule;
				SWIFT_OPTIMIZATION_LEVEL = "-O";
				VALIDATE_PRODUCT = YES;
			};
			name = Release;
		};
		D301F80726064DDD0036DCCF /* Debug */ = {
			isa = XCBuildConfiguration;
			buildSettings = {
				ASSETCATALOG_COMPILER_APPICON_NAME = AppIcon;
				ASSETCATALOG_COMPILER_GLOBAL_ACCENT_COLOR_NAME = AccentColor;
				CODE_SIGN_STYLE = Automatic;
				DEVELOPMENT_TEAM = U7UUD57RC6;
				INFOPLIST_FILE = LottieSamlple2/Info.plist;
				LD_RUNPATH_SEARCH_PATHS = (
					"$(inherited)",
					"@executable_path/Frameworks",
				);
				PRODUCT_BUNDLE_IDENTIFIER = com.tsunehiro.LottieSamlple2;
				PRODUCT_NAME = "$(TARGET_NAME)";
				SWIFT_VERSION = 5.0;
				TARGETED_DEVICE_FAMILY = "1,2";
			};
			name = Debug;
		};
		D301F80826064DDD0036DCCF /* Release */ = {
			isa = XCBuildConfiguration;
			buildSettings = {
				ASSETCATALOG_COMPILER_APPICON_NAME = AppIcon;
				ASSETCATALOG_COMPILER_GLOBAL_ACCENT_COLOR_NAME = AccentColor;
				CODE_SIGN_STYLE = Automatic;
				DEVELOPMENT_TEAM = U7UUD57RC6;
				INFOPLIST_FILE = LottieSamlple2/Info.plist;
				LD_RUNPATH_SEARCH_PATHS = (
					"$(inherited)",
					"@executable_path/Frameworks",
				);
				PRODUCT_BUNDLE_IDENTIFIER = com.tsunehiro.LottieSamlple2;
				PRODUCT_NAME = "$(TARGET_NAME)";
				SWIFT_VERSION = 5.0;
				TARGETED_DEVICE_FAMILY = "1,2";
			};
			name = Release;
		};
/* End XCBuildConfiguration section */

/* Begin XCConfigurationList section */
		D301F7ED26064DDB0036DCCF /* Build configuration list for PBXProject "LottieSamlple2" */ = {
			isa = XCConfigurationList;
			buildConfigurations = (
				D301F80426064DDD0036DCCF /* Debug */,
				D301F80526064DDD0036DCCF /* Release */,
			);
			defaultConfigurationIsVisible = 0;
			defaultConfigurationName = Release;
		};
		D301F80626064DDD0036DCCF /* Build configuration list for PBXNativeTarget "LottieSamlple2" */ = {
			isa = XCConfigurationList;
			buildConfigurations = (
				D301F80726064DDD0036DCCF /* Debug */,
				D301F80826064DDD0036DCCF /* Release */,
			);
			defaultConfigurationIsVisible = 0;
			defaultConfigurationName = Release;
		};
/* End XCConfigurationList section */
	};
	rootObject = D301F7EA26064DDB0036DCCF /* Project object */;
}
